
Microsoft Visual Studio Solution File, Format Version 12.00
# Visual Studio Version 16
VisualStudioVersion = 16.0.29920.165
MinimumVisualStudioVersion = 10.0.40219.1
Project("{FAE04EC0-301F-11D3-BF4B-00C04F79EFBC}") = "RaspberryStreamer", "RaspberryStreamer\RaspberryStreamer.csproj", "{ADF4E373-50E5-410C-AD41-36D08253F036}"
EndProject
Global
	GlobalSection(SolutionConfigurationPlatforms) = preSolution
		Debug|Any CPU = Debug|Any CPU
		Release|Any CPU = Release|Any CPU
	EndGlobalSection
	GlobalSection(ProjectConfigurationPlatforms) = postSolution
		{ADF4E373-50E5-410C-AD41-36D08253F036}.Debug|Any CPU.ActiveCfg = Debug|Any CPU
		{ADF4E373-50E5-410C-AD41-36D08253F036}.Debug|Any CPU.Build.0 = Debug|Any CPU
		{ADF4E373-50E5-410C-AD41-36D08253F036}.Release|Any CPU.ActiveCfg = Release|Any CPU
		{ADF4E373-50E5-410C-AD41-36D08253F036}.Release|Any CPU.Build.0 = Release|Any CPU
	EndGlobalSection
	GlobalSection(SolutionProperties) = preSolution
		HideSolutionNode = FALSE
	EndGlobalSection
	GlobalSection(ExtensibilityGlobals) = postSolution
		SolutionGuid = {240C6D03-B5C0-4CBC-926F-3E0505520B57}
	EndGlobalSection
EndGlobal
